{
  "nodes": {
    "nixpkgs": {
      "locked": {
        "lastModified": 1762156382,
        "narHash": "sha256-Yg7Ag7ov5+36jEFC1DaZh/12SEXo6OO3/8rqADRxiqs=",
        "owner": "NixOS",
        "repo": "nixpkgs",
        "rev": "7241bcbb4f099a66aafca120d37c65e8dda32717",
        "type": "github"
      },
      "original": {
        "owner": "NixOS",
        "ref": "nixpkgs-unstable",
        "repo": "nixpkgs",
        "type": "github"
      }
    },
    "page": {
      "inputs": {
        "nixpkgs": "nixpkgs"
      },
      "locked": {
        "lastModified": 1791244917,
        "narHash": "sha256-rfHskoGPHAUwyH/aO4ozFpU7z19nWAWmvI/y7NvaWBY=",
        "owner": "indypaige",
        "repo": "page",
        "rev": "adcf51c0ee1046a49cc3cce42a3637cd37a180b8",
        "type": "github"
      },
      "original": {
        "owner": "indypaige",
        "repo": "page",
        "type": "github"
      }
    },
    "root": {
      "inputs": {
        "nixpkgs": [
          "page",
          "nixpkgs"
        ],
        "page": "page"
      }
    }
  },
  "root": "root",
  "version": 7
}
