{
  "nodes": {
    "nixpkgs": {
      "locked": {
        "lastModified": 1762156382,
        "narHash": "sha256-Yg7Ag7ov5+36jEFC1DaZh/12SEXo6OO3/8rqADRxiqs=",
        "owner": "NixOS",
        "repo": "nixpkgs",
        "rev": "7241bcbb4f099a66aafca120d37c65e8dda32717",
        "type": "github"
      },
      "original": {
        "owner": "NixOS",
        "ref": "nixpkgs-unstable",
        "repo": "nixpkgs",
        "type": "github"
      }
    },
    "page": {
      "inputs": {
        "nixpkgs": "nixpkgs"
      },
      "locked": {
        "lastModified": 1791223148,
        "narHash": "sha256-NlDqtNDkpIy+2hNuxLd0kno3fix7af/Qkv74eoLOUt0=",
        "owner": "indypaige",
        "repo": "page",
        "rev": "b6010f01bd23ec6a226b1d4bc2299ed29f5bf0a9",
        "type": "github"
      },
      "original": {
        "owner": "indypaige",
        "repo": "page",
        "type": "github"
      }
    },
    "root": {
      "inputs": {
        "nixpkgs": [
          "page",
          "nixpkgs"
        ],
        "page": "page"
      }
    }
  },
  "root": "root",
  "version": 7
}
